// !$*UTF8*$!
{
	archiveVersion = 1;
	classes = {
	};
	objectVersion = 50;
	objects = {

/* Begin PBXBuildFile section */
		47909B0B23F1845D005AE104 /* AppDelegate.swift in Sources */ = {isa = PBXBuildFile; fileRef = 47909B0A23F1845D005AE104 /* AppDelegate.swift */; };
		47909B0D23F1845D005AE104 /* SceneDelegate.swift in Sources */ = {isa = PBXBuildFile; fileRef = 47909B0C23F1845D005AE104 /* SceneDelegate.swift */; };
		47909B0F23F1845D005AE104 /* ViewController.swift in Sources */ = {isa = PBXBuildFile; fileRef = 47909B0E23F1845D005AE104 /* ViewController.swift */; };
		47909B1423F1845E005AE104 /* Assets.xcassets in Resources */ = {isa = PBXBuildFile; fileRef = 47909B1323F1845E005AE104 /* Assets.xcassets */; };
		47909B1723F1845E005AE104 /* LaunchScreen.storyboard in Resources */ = {isa = PBXBuildFile; fileRef = 47909B1523F1845E005AE104 /* LaunchScreen.storyboard */; };
		47909B1F23F189D3005AE104 /* Thing.swift in Sources */ = {isa = PBXBuildFile; fileRef = 47909B1E23F189D3005AE104 /* Thing.swift */; };
		47909B2123F193D2005AE104 /* CustomTableViewCell.swift in Sources */ = {isa = PBXBuildFile; fileRef = 47909B2023F193D2005AE104 /* CustomTableViewCell.swift */; };
/* End PBXBuildFile section */

/* Begin PBXFileReference section */
		47909B0723F1845D005AE104 /* TableViewCell_Programmatically2.app */ = {isa = PBXFileReference; explicitFileType = wrapper.application; includeInIndex = 0; path = TableViewCell_Programmatically2.app; sourceTree = BUILT_PRODUCTS_DIR; };
		47909B0A23F1845D005AE104 /* AppDelegate.swift */ = {isa = PBXFileReference; lastKnownFileType = sourcecode.swift; path = AppDelegate.swift; sourceTree = "<group>"; };
		47909B0C23F1845D005AE104 /* SceneDelegate.swift */ = {isa = PBXFileReference; lastKnownFileType = sourcecode.swift; path = SceneDelegate.swift; sourceTree = "<group>"; };
		47909B0E23F1845D005AE104 /* ViewController.swift */ = {isa = PBXFileReference; lastKnownFileType = sourcecode.swift; path = ViewController.swift; sourceTree = "<group>"; };
		47909B1323F1845E005AE104 /* Assets.xcassets */ = {isa = PBXFileReference; lastKnownFileType = folder.assetcatalog; path = Assets.xcassets; sourceTree = "<group>"; };
		47909B1623F1845E005AE104 /* Base */ = {isa = PBXFileReference; lastKnownFileType = file.storyboard; name = Base; path = Base.lproj/LaunchScreen.storyboard; sourceTree = "<group>"; };
		47909B1823F1845E005AE104 /* Info.plist */ = {isa = PBXFileReference; lastKnownFileType = text.plist.xml; path = Info.plist; sourceTree = "<group>"; };
		47909B1E23F189D3005AE104 /* Thing.swift */ = {isa = PBXFileReference; lastKnownFileType = sourcecode.swift; path = Thing.swift; sourceTree = "<group>"; };
		47909B2023F193D2005AE104 /* CustomTableViewCell.swift */ = {isa = PBXFileReference; lastKnownFileType = sourcecode.swift; path = CustomTableViewCell.swift; sourceTree = "<group>"; };
/* End PBXFileReference section */

/* Begin PBXFrameworksBuildPhase section */
		47909B0423F1845D005AE104 /* Frameworks */ = {
			isa = PBXFrameworksBuildPhase;
			buildActionMask = 2147483647;
			files = (
			);
			runOnlyForDeploymentPostprocessing = 0;
		};
/* End PBXFrameworksBuildPhase section */

/* Begin PBXGroup section */
		47909AFE23F1845D005AE104 = {
			isa = PBXGroup;
			children = (
				47909B0923F1845D005AE104 /* TableViewCell_Programmatically2 */,
				47909B0823F1845D005AE104 /* Products */,
			);
			sourceTree = "<group>";
		};
		47909B0823F1845D005AE104 /* Products */ = {
			isa = PBXGroup;
			children = (
				47909B0723F1845D005AE104 /* TableViewCell_Programmatically2.app */,
			);
			name = Products;
			sourceTree = "<group>";
		};
		47909B0923F1845D005AE104 /* TableViewCell_Programmatically2 */ = {
			isa = PBXGroup;
			children = (
				47909B2423F19402005AE104 /* Model */,
				47909B2323F193FB005AE104 /* Controller */,
				47909B2223F193EC005AE104 /* View */,
				47909B0A23F1845D005AE104 /* AppDelegate.swift */,
				47909B0C23F1845D005AE104 /* SceneDelegate.swift */,
				47909B1323F1845E005AE104 /* Assets.xcassets */,
				47909B1523F1845E005AE104 /* LaunchScreen.storyboard */,
				47909B1823F1845E005AE104 /* Info.plist */,
			);
			path = TableViewCell_Programmatically2;
			sourceTree = "<group>";
		};
		47909B2223F193EC005AE104 /* View */ = {
			isa = PBXGroup;
			children = (
				47909B2023F193D2005AE104 /* CustomTableViewCell.swift */,
			);
			path = View;
			sourceTree = "<group>";
		};
		47909B2323F193FB005AE104 /* Controller */ = {
			isa = PBXGroup;
			children = (
				47909B0E23F1845D005AE104 /* ViewController.swift */,
			);
			path = Controller;
			sourceTree = "<group>";
		};
		47909B2423F19402005AE104 /* Model */ = {
			isa = PBXGroup;
			children = (
				47909B1E23F189D3005AE104 /* Thing.swift */,
			);
			path = Model;
			sourceTree = "<group>";
		};
/* End PBXGroup section */

/* Begin PBXNativeTarget section */
		47909B0623F1845D005AE104 /* TableViewCell_Programmatically2 */ = {
			isa = PBXNativeTarget;
			buildConfigurationList = 47909B1B23F1845E005AE104 /* Build configuration list for PBXNativeTarget "TableViewCell_Programmatically2" */;
			buildPhases = (
				47909B0323F1845D005AE104 /* Sources */,
				47909B0423F1845D005AE104 /* Frameworks */,
				47909B0523F1845D005AE104 /* Resources */,
			);
			buildRules = (
			);
			dependencies = (
			);
			name = TableViewCell_Programmatically2;
			productName = TableViewCell_Programmatically2;
			productReference = 47909B0723F1845D005AE104 /* TableViewCell_Programmatically2.app */;
			productType = "com.apple.product-type.application";
		};
/* End PBXNativeTarget section */

/* Begin PBXProject section */
		47909AFF23F1845D005AE104 /* Project object */ = {
			isa = PBXProject;
			attributes = {
				LastSwiftUpdateCheck = 1130;
				LastUpgradeCheck = 1130;
				ORGANIZATIONNAME = Hwang;
				TargetAttributes = {
					47909B0623F1845D005AE104 = {
						CreatedOnToolsVersion = 11.3.1;
					};
				};
			};
			buildConfigurationList = 47909B0223F1845D005AE104 /* Build configuration list for PBXProject "TableViewCell_Programmatically2" */;
			compatibilityVersion = "Xcode 9.3";
			developmentRegion = en;
			hasScannedForEncodings = 0;
			knownRegions = (
				en,
				Base,
			);
			mainGroup = 47909AFE23F1845D005AE104;
			productRefGroup = 47909B0823F1845D005AE104 /* Products */;
			projectDirPath = "";
			projectRoot = "";
			targets = (
				47909B0623F1845D005AE104 /* TableViewCell_Programmatically2 */,
			);
		};
/* End PBXProject section */

/* Begin PBXResourcesBuildPhase section */
		47909B0523F1845D005AE104 /* Resources */ = {
			isa = PBXResourcesBuildPhase;
			buildActionMask = 2147483647;
			files = (
				47909B1723F1845E005AE104 /* LaunchScreen.storyboard in Resources */,
				47909B1423F1845E005AE104 /* Assets.xcassets in Resources */,
			);
			runOnlyForDeploymentPostprocessing = 0;
		};
/* End PBXResourcesBuildPhase section */

/* Begin PBXSourcesBuildPhase section */
		47909B0323F1845D005AE104 /* Sources */ = {
			isa = PBXSourcesBuildPhase;
			buildActionMask = 2147483647;
			files = (
				47909B1F23F189D3005AE104 /* Thing.swift in Sources */,
				47909B2123F193D2005AE104 /* CustomTableViewCell.swift in Sources */,
				47909B0F23F1845D005AE104 /* ViewController.swift in Sources */,
				47909B0B23F1845D005AE104 /* AppDelegate.swift in Sources */,
				47909B0D23F1845D005AE104 /* SceneDelegate.swift in Sources */,
			);
			runOnlyForDeploymentPostprocessing = 0;
		};
/* End PBXSourcesBuildPhase section */

/* Begin PBXVariantGroup section */
		47909B1523F1845E005AE104 /* LaunchScreen.storyboard */ = {
			isa = PBXVariantGroup;
			children = (
				47909B1623F1845E005AE104 /* Base */,
			);
			name = LaunchScreen.storyboard;
			sourceTree = "<group>";
		};
/* End PBXVariantGroup section */

/* Begin XCBuildConfiguration section */
		47909B1923F1845E005AE104 /* Debug */ = {
			isa = XCBuildConfiguration;
			buildSettings = {
				ALWAYS_SEARCH_USER_PATHS = NO;
				CLANG_ANALYZER_NONNULL = YES;
				CLANG_ANALYZER_NUMBER_OBJECT_CONVERSION = YES_AGGRESSIVE;
				CLANG_CXX_LANGUAGE_STANDARD = "gnu++14";
				CLANG_CXX_LIBRARY = "libc++";
				CLANG_ENABLE_MODULES = YES;
				CLANG_ENABLE_OBJC_ARC = YES;
				CLANG_ENABLE_OBJC_WEAK = YES;
				CLANG_WARN_BLOCK_CAPTURE_AUTORELEASING = YES;
				CLANG_WARN_BOOL_CONVERSION = YES;
				CLANG_WARN_COMMA = YES;
				CLANG_WARN_CONSTANT_CONVERSION = YES;
				CLANG_WARN_DEPRECATED_OBJC_IMPLEMENTATIONS = YES;
				CLANG_WARN_DIRECT_OBJC_ISA_USAGE = YES_ERROR;
				CLANG_WARN_DOCUMENTATION_COMMENTS = YES;
				CLANG_WARN_EMPTY_BODY = YES;
				CLANG_WARN_ENUM_CONVERSION = YES;
				CLANG_WARN_INFINITE_RECURSION = YES;
				CLANG_WARN_INT_CONVERSION = YES;
				CLANG_WARN_NON_LITERAL_NULL_CONVERSION = YES;
				CLANG_WARN_OBJC_IMPLICIT_RETAIN_SELF = YES;
				CLANG_WARN_OBJC_LITERAL_CONVERSION = YES;
				CLANG_WARN_OBJC_ROOT_CLASS = YES_ERROR;
				CLANG_WARN_RANGE_LOOP_ANALYSIS = YES;
				CLANG_WARN_STRICT_PROTOTYPES = YES;
				CLANG_WARN_SUSPICIOUS_MOVE = YES;
				CLANG_WARN_UNGUARDED_AVAILABILITY = YES_AGGRESSIVE;
				CLANG_WARN_UNREACHABLE_CODE = YES;
				CLANG_WARN__DUPLICATE_METHOD_MATCH = YES;
				COPY_PHASE_STRIP = NO;
				DEBUG_INFORMATION_FORMAT = dwarf;
				ENABLE_STRICT_OBJC_MSGSEND = YES;
				ENABLE_TESTABILITY = YES;
				GCC_C_LANGUAGE_STANDARD = gnu11;
				GCC_DYNAMIC_NO_PIC = NO;
				GCC_NO_COMMON_BLOCKS = YES;
				GCC_OPTIMIZATION_LEVEL = 0;
				GCC_PREPROCESSOR_DEFINITIONS = (
					"DEBUG=1",
					"$(inherited)",
				);
				GCC_WARN_64_TO_32_BIT_CONVERSION = YES;
				GCC_WARN_ABOUT_RETURN_TYPE = YES_ERROR;
				GCC_WARN_UNDECLARED_SELECTOR = YES;
				GCC_WARN_UNINITIALIZED_AUTOS = YES_AGGRESSIVE;
				GCC_WARN_UNUSED_FUNCTION = YES;
				GCC_WARN_UNUSED_VARIABLE = YES;
				IPHONEOS_DEPLOYMENT_TARGET = 13.2;
				MTL_ENABLE_DEBUG_INFO = INCLUDE_SOURCE;
				MTL_FAST_MATH = YES;
				ONLY_ACTIVE_ARCH = YES;
				SDKROOT = iphoneos;
				SWIFT_ACTIVE_COMPILATION_CONDITIONS = DEBUG;
				SWIFT_OPTIMIZATION_LEVEL = "-Onone";
			};
			name = Debug;
		};
		47909B1A23F1845E005AE104 /* Release */ = {
			isa = XCBuildConfiguration;
			buildSettings = {
				ALWAYS_SEARCH_USER_PATHS = NO;
				CLANG_ANALYZER_NONNULL = YES;
				CLANG_ANALYZER_NUMBER_OBJECT_CONVERSION = YES_AGGRESSIVE;
				CLANG_CXX_LANGUAGE_STANDARD = "gnu++14";
				CLANG_CXX_LIBRARY = "libc++";
				CLANG_ENABLE_MODULES = YES;
				CLANG_ENABLE_OBJC_ARC = YES;
				CLANG_ENABLE_OBJC_WEAK = YES;
				CLANG_WARN_BLOCK_CAPTURE_AUTORELEASING = YES;
				CLANG_WARN_BOOL_CONVERSION = YES;
				CLANG_WARN_COMMA = YES;
				CLANG_WARN_CONSTANT_CONVERSION = YES;
				CLANG_WARN_DEPRECATED_OBJC_IMPLEMENTATIONS = YES;
				CLANG_WARN_DIRECT_OBJC_ISA_USAGE = YES_ERROR;
				CLANG_WARN_DOCUMENTATION_COMMENTS = YES;
				CLANG_WARN_EMPTY_BODY = YES;
				CLANG_WARN_ENUM_CONVERSION = YES;
				CLANG_WARN_INFINITE_RECURSION = YES;
				CLANG_WARN_INT_CONVERSION = YES;
				CLANG_WARN_NON_LITERAL_NULL_CONVERSION = YES;
				CLANG_WARN_OBJC_IMPLICIT_RETAIN_SELF = YES;
				CLANG_WARN_OBJC_LITERAL_CONVERSION = YES;
				CLANG_WARN_OBJC_ROOT_CLASS = YES_ERROR;
				CLANG_WARN_RANGE_LOOP_ANALYSIS = YES;
				CLANG_WARN_STRICT_PROTOTYPES = YES;
				CLANG_WARN_SUSPICIOUS_MOVE = YES;
				CLANG_WARN_UNGUARDED_AVAILABILITY = YES_AGGRESSIVE;
				CLANG_WARN_UNREACHABLE_CODE = YES;
				CLANG_WARN__DUPLICATE_METHOD_MATCH = YES;
				COPY_PHASE_STRIP = NO;
				DEBUG_INFORMATION_FORMAT = "dwarf-with-dsym";
				ENABLE_NS_ASSERTIONS = NO;
				ENABLE_STRICT_OBJC_MSGSEND = YES;
				GCC_C_LANGUAGE_STANDARD = gnu11;
				GCC_NO_COMMON_BLOCKS = YES;
				GCC_WARN_64_TO_32_BIT_CONVERSION = YES;
				GCC_WARN_ABOUT_RETURN_TYPE = YES_ERROR;
				GCC_WARN_UNDECLARED_SELECTOR = YES;
				GCC_WARN_UNINITIALIZED_AUTOS = YES_AGGRESSIVE;
				GCC_WARN_UNUSED_FUNCTION = YES;
				GCC_WARN_UNUSED_VARIABLE = YES;
				IPHONEOS_DEPLOYMENT_TARGET = 13.2;
				MTL_ENABLE_DEBUG_INFO = NO;
				MTL_FAST_MATH = YES;
				SDKROOT = iphoneos;
				SWIFT_COMPILATION_MODE = wholemodule;
				SWIFT_OPTIMIZATION_LEVEL = "-O";
				VALIDATE_PRODUCT = YES;
			};
			name = Release;
		};
		47909B1C23F1845E005AE104 /* Debug */ = {
			isa = XCBuildConfiguration;
			buildSettings = {
				ASSETCATALOG_COMPILER_APPICON_NAME = AppIcon;
				CODE_SIGN_STYLE = Automatic;
				INFOPLIST_FILE = TableViewCell_Programmatically2/Info.plist;
				LD_RUNPATH_SEARCH_PATHS = (
					"$(inherited)",
					"@executable_path/Frameworks",
				);
				PRODUCT_BUNDLE_IDENTIFIER = "tourbillion42.TableViewCell-Programmatically2";
				PRODUCT_NAME = "$(TARGET_NAME)";
				SWIFT_VERSION = 5.0;
				TARGETED_DEVICE_FAMILY = "1,2";
			};
			name = Debug;
		};
		47909B1D23F1845E005AE104 /* Release */ = {
			isa = XCBuildConfiguration;
			buildSettings = {
				ASSETCATALOG_COMPILER_APPICON_NAME = AppIcon;
				CODE_SIGN_STYLE = Automatic;
				INFOPLIST_FILE = TableViewCell_Programmatically2/Info.plist;
				LD_RUNPATH_SEARCH_PATHS = (
					"$(inherited)",
					"@executable_path/Frameworks",
				);
				PRODUCT_BUNDLE_IDENTIFIER = "tourbillion42.TableViewCell-Programmatically2";
				PRODUCT_NAME = "$(TARGET_NAME)";
				SWIFT_VERSION = 5.0;
				TARGETED_DEVICE_FAMILY = "1,2";
			};
			name = Release;
		};
/* End XCBuildConfiguration section */

/* Begin XCConfigurationList section */
		47909B0223F1845D005AE104 /* Build configuration list for PBXProject "TableViewCell_Programmatically2" */ = {
			isa = XCConfigurationList;
			buildConfigurations = (
				47909B1923F1845E005AE104 /* Debug */,
				47909B1A23F1845E005AE104 /* Release */,
			);
			defaultConfigurationIsVisible = 0;
			defaultConfigurationName = Release;
		};
		47909B1B23F1845E005AE104 /* Build configuration list for PBXNativeTarget "TableViewCell_Programmatically2" */ = {
			isa = XCConfigurationList;
			buildConfigurations = (
				47909B1C23F1845E005AE104 /* Debug */,
				47909B1D23F1845E005AE104 /* Release */,
			);
			defaultConfigurationIsVisible = 0;
			defaultConfigurationName = Release;
		};
/* End XCConfigurationList section */
	};
	rootObject = 47909AFF23F1845D005AE104 /* Project object */;
}
